
Microsoft Visual Studio Solution File, Format Version 12.00
# Visual Studio 14
VisualStudioVersion = 14.0.25123.0
MinimumVisualStudioVersion = 10.0.40219.1
Project("{FAE04EC0-301F-11D3-BF4B-00C04F79EFBC}") = "CurrencyCalculator.Web", "WebApplication2\CurrencyCalculator.Web.csproj", "{FF8A7DAE-600D-4F15-A263-163EB9476A6C}"
EndProject
Project("{FAE04EC0-301F-11D3-BF4B-00C04F79EFBC}") = "CurrencyCalculator.Data", "CurrencyCalculator.Data\CurrencyCalculator.Data.csproj", "{1CFBC9D7-8D2E-41BC-BDF0-ECF4DB5CEAF4}"
EndProject
Project("{FAE04EC0-301F-11D3-BF4B-00C04F79EFBC}") = "CurrencyCalculator.Domain", "CurrencyCalculator.Domain\CurrencyCalculator.Domain.csproj", "{B69CEFCE-E0E2-4E51-90FF-8B40586DBC18}"
EndProject
Project("{FAE04EC0-301F-11D3-BF4B-00C04F79EFBC}") = "CurrencyCalculator.IOC", "CurrencyCalculator.IOC\CurrencyCalculator.IOC.csproj", "{330B8045-5C24-4E93-AAF6-16B3E467B5A2}"
EndProject
Project("{FAE04EC0-301F-11D3-BF4B-00C04F79EFBC}") = "CurrencyCalculator.Test", "CurrencyCalculator.Test\CurrencyCalculator.Test.csproj", "{8D3F0B8A-65B4-4D33-B021-AC16C9FD933E}"
EndProject
Global
	GlobalSection(SolutionConfigurationPlatforms) = preSolution
		Debug|Any CPU = Debug|Any CPU
		Release|Any CPU = Release|Any CPU
	EndGlobalSection
	GlobalSection(ProjectConfigurationPlatforms) = postSolution
		{FF8A7DAE-600D-4F15-A263-163EB9476A6C}.Debug|Any CPU.ActiveCfg = Debug|Any CPU
		{FF8A7DAE-600D-4F15-A263-163EB9476A6C}.Debug|Any CPU.Build.0 = Debug|Any CPU
		{FF8A7DAE-600D-4F15-A263-163EB9476A6C}.Release|Any CPU.ActiveCfg = Release|Any CPU
		{FF8A7DAE-600D-4F15-A263-163EB9476A6C}.Release|Any CPU.Build.0 = Release|Any CPU
		{1CFBC9D7-8D2E-41BC-BDF0-ECF4DB5CEAF4}.Debug|Any CPU.ActiveCfg = Debug|Any CPU
		{1CFBC9D7-8D2E-41BC-BDF0-ECF4DB5CEAF4}.Debug|Any CPU.Build.0 = Debug|Any CPU
		{1CFBC9D7-8D2E-41BC-BDF0-ECF4DB5CEAF4}.Release|Any CPU.ActiveCfg = Release|Any CPU
		{1CFBC9D7-8D2E-41BC-BDF0-ECF4DB5CEAF4}.Release|Any CPU.Build.0 = Release|Any CPU
		{B69CEFCE-E0E2-4E51-90FF-8B40586DBC18}.Debug|Any CPU.ActiveCfg = Debug|Any CPU
		{B69CEFCE-E0E2-4E51-90FF-8B40586DBC18}.Debug|Any CPU.Build.0 = Debug|Any CPU
		{B69CEFCE-E0E2-4E51-90FF-8B40586DBC18}.Release|Any CPU.ActiveCfg = Release|Any CPU
		{B69CEFCE-E0E2-4E51-90FF-8B40586DBC18}.Release|Any CPU.Build.0 = Release|Any CPU
		{330B8045-5C24-4E93-AAF6-16B3E467B5A2}.Debug|Any CPU.ActiveCfg = Debug|Any CPU
		{330B8045-5C24-4E93-AAF6-16B3E467B5A2}.Debug|Any CPU.Build.0 = Debug|Any CPU
		{330B8045-5C24-4E93-AAF6-16B3E467B5A2}.Release|Any CPU.ActiveCfg = Release|Any CPU
		{330B8045-5C24-4E93-AAF6-16B3E467B5A2}.Release|Any CPU.Build.0 = Release|Any CPU
		{8D3F0B8A-65B4-4D33-B021-AC16C9FD933E}.Debug|Any CPU.ActiveCfg = Debug|Any CPU
		{8D3F0B8A-65B4-4D33-B021-AC16C9FD933E}.Debug|Any CPU.Build.0 = Debug|Any CPU
		{8D3F0B8A-65B4-4D33-B021-AC16C9FD933E}.Release|Any CPU.ActiveCfg = Release|Any CPU
		{8D3F0B8A-65B4-4D33-B021-AC16C9FD933E}.Release|Any CPU.Build.0 = Release|Any CPU
	EndGlobalSection
	GlobalSection(SolutionProperties) = preSolution
		HideSolutionNode = FALSE
	EndGlobalSection
EndGlobal
